
Microsoft Visual Studio Solution File, Format Version 12.00
# Visual Studio Version 17
VisualStudioVersion = 17.2.32630.192
MinimumVisualStudioVersion = 10.0.40219.1
Project("{9A19103F-16F7-4668-BE54-9A1E7A4F7556}") = "Bongo.Core", "Bongo.Core\Bongo.Core.csproj", "{BFD50DB7-49A5-4235-A5C4-C2829122F264}"
EndProject
Project("{9A19103F-16F7-4668-BE54-9A1E7A4F7556}") = "Bongo.DataAccess", "Bongo.DataAccess\Bongo.DataAccess.csproj", "{E94E6E49-B3B7-4578-9AAF-225AA1FB304D}"
EndProject
Project("{9A19103F-16F7-4668-BE54-9A1E7A4F7556}") = "Bongo.Models", "Bongo.Models\Bongo.Models.csproj", "{7C5BFB4F-29BF-47A4-982D-F8E70ED7C411}"
EndProject
Project("{9A19103F-16F7-4668-BE54-9A1E7A4F7556}") = "Bongo.Web", "Bongo.Web\Bongo.Web.csproj", "{30ED5D27-F125-428E-86DA-289DA1D65F7D}"
EndProject
Project("{FAE04EC0-301F-11D3-BF4B-00C04F79EFBC}") = "Bongo.Models.Tests", "Bongo.Models.Tests\Bongo.Models.Tests.csproj", "{EC6641A7-BAFA-4B57-8003-BD7B4E35DDCA}"
EndProject
Global
	GlobalSection(SolutionConfigurationPlatforms) = preSolution
		Debug|Any CPU = Debug|Any CPU
		Release|Any CPU = Release|Any CPU
	EndGlobalSection
	GlobalSection(ProjectConfigurationPlatforms) = postSolution
		{BFD50DB7-49A5-4235-A5C4-C2829122F264}.Debug|Any CPU.ActiveCfg = Debug|Any CPU
		{BFD50DB7-49A5-4235-A5C4-C2829122F264}.Debug|Any CPU.Build.0 = Debug|Any CPU
		{BFD50DB7-49A5-4235-A5C4-C2829122F264}.Release|Any CPU.ActiveCfg = Release|Any CPU
		{BFD50DB7-49A5-4235-A5C4-C2829122F264}.Release|Any CPU.Build.0 = Release|Any CPU
		{E94E6E49-B3B7-4578-9AAF-225AA1FB304D}.Debug|Any CPU.ActiveCfg = Debug|Any CPU
		{E94E6E49-B3B7-4578-9AAF-225AA1FB304D}.Debug|Any CPU.Build.0 = Debug|Any CPU
		{E94E6E49-B3B7-4578-9AAF-225AA1FB304D}.Release|Any CPU.ActiveCfg = Release|Any CPU
		{E94E6E49-B3B7-4578-9AAF-225AA1FB304D}.Release|Any CPU.Build.0 = Release|Any CPU
		{7C5BFB4F-29BF-47A4-982D-F8E70ED7C411}.Debug|Any CPU.ActiveCfg = Debug|Any CPU
		{7C5BFB4F-29BF-47A4-982D-F8E70ED7C411}.Debug|Any CPU.Build.0 = Debug|Any CPU
		{7C5BFB4F-29BF-47A4-982D-F8E70ED7C411}.Release|Any CPU.ActiveCfg = Release|Any CPU
		{7C5BFB4F-29BF-47A4-982D-F8E70ED7C411}.Release|Any CPU.Build.0 = Release|Any CPU
		{30ED5D27-F125-428E-86DA-289DA1D65F7D}.Debug|Any CPU.ActiveCfg = Debug|Any CPU
		{30ED5D27-F125-428E-86DA-289DA1D65F7D}.Debug|Any CPU.Build.0 = Debug|Any CPU
		{30ED5D27-F125-428E-86DA-289DA1D65F7D}.Release|Any CPU.ActiveCfg = Release|Any CPU
		{30ED5D27-F125-428E-86DA-289DA1D65F7D}.Release|Any CPU.Build.0 = Release|Any CPU
		{EC6641A7-BAFA-4B57-8003-BD7B4E35DDCA}.Debug|Any CPU.ActiveCfg = Debug|Any CPU
		{EC6641A7-BAFA-4B57-8003-BD7B4E35DDCA}.Debug|Any CPU.Build.0 = Debug|Any CPU
		{EC6641A7-BAFA-4B57-8003-BD7B4E35DDCA}.Release|Any CPU.ActiveCfg = Release|Any CPU
		{EC6641A7-BAFA-4B57-8003-BD7B4E35DDCA}.Release|Any CPU.Build.0 = Release|Any CPU
	EndGlobalSection
	GlobalSection(SolutionProperties) = preSolution
		HideSolutionNode = FALSE
	EndGlobalSection
	GlobalSection(ExtensibilityGlobals) = postSolution
		SolutionGuid = {6A478A1E-FA13-4A71-80B8-7D1FB3C21AFC}
	EndGlobalSection
EndGlobal
